
Microsoft Visual Studio Solution File, Format Version 12.00
# Visual Studio Version 17
VisualStudioVersion = 17.4.33213.308
MinimumVisualStudioVersion = 10.0.40219.1
Project("{FAE04EC0-301F-11D3-BF4B-00C04F79EFBC}") = "SQLServer_LiteDB_WinForms_LearningProject", "SQLServer_LiteDB_WinForms_LearningProject\SQLServer_LiteDB_WinForms_LearningProject.csproj", "{3221A759-60E0-48D9-BF05-6C391DC8870C}"
EndProject
Global
	GlobalSection(SolutionConfigurationPlatforms) = preSolution
		Debug|Any CPU = Debug|Any CPU
		Release|Any CPU = Release|Any CPU
	EndGlobalSection
	GlobalSection(ProjectConfigurationPlatforms) = postSolution
		{3221A759-60E0-48D9-BF05-6C391DC8870C}.Debug|Any CPU.ActiveCfg = Debug|Any CPU
		{3221A759-60E0-48D9-BF05-6C391DC8870C}.Debug|Any CPU.Build.0 = Debug|Any CPU
		{3221A759-60E0-48D9-BF05-6C391DC8870C}.Release|Any CPU.ActiveCfg = Release|Any CPU
		{3221A759-60E0-48D9-BF05-6C391DC8870C}.Release|Any CPU.Build.0 = Release|Any CPU
	EndGlobalSection
	GlobalSection(SolutionProperties) = preSolution
		HideSolutionNode = FALSE
	EndGlobalSection
	GlobalSection(ExtensibilityGlobals) = postSolution
		SolutionGuid = {C237A42D-B69F-4B46-8943-516919FC6D44}
	EndGlobalSection
EndGlobal
